
Microsoft Visual Studio Solution File, Format Version 12.00
# Visual Studio 14
VisualStudioVersion = 14.0.24720.0
MinimumVisualStudioVersion = 10.0.40219.1
Project("{FAE04EC0-301F-11D3-BF4B-00C04F79EFBC}") = "DDODatabase", "DDODatabase\DDODatabase.csproj", "{E87921CF-B7D4-4612-952F-7438ED4C05E1}"
EndProject
Project("{FAE04EC0-301F-11D3-BF4B-00C04F79EFBC}") = "DDOClient", "DDOClient\DDOClient.csproj", "{0C6B7520-C3B2-49C6-99B4-34007813A521}"
EndProject
Project("{FAE04EC0-301F-11D3-BF4B-00C04F79EFBC}") = "DDOServer", "DDOServer\DDOServer.csproj", "{E42EF4CF-B72A-4BD0-B16C-148D9AFE7F6C}"
EndProject
Project("{FAE04EC0-301F-11D3-BF4B-00C04F79EFBC}") = "DDOWebServer", "DDOWebServer\DDOWebServer.csproj", "{D57E84EE-8E6B-466F-AE5A-1F5CDB1A253C}"
EndProject
Project("{FAE04EC0-301F-11D3-BF4B-00C04F79EFBC}") = "DDOMasterServer", "DDOMasterServer\DDOMasterServer.csproj", "{D1AADD89-6B34-4094-BC2D-BFA2E63A0665}"
EndProject
Project("{FAE04EC0-301F-11D3-BF4B-00C04F79EFBC}") = "DDOProtocol", "DDOProtocol\DDOProtocol.csproj", "{D4E49804-188B-4707-BFC3-1469FA75658B}"
EndProject
Global
	GlobalSection(SolutionConfigurationPlatforms) = preSolution
		Debug|Any CPU = Debug|Any CPU
		Release|Any CPU = Release|Any CPU
	EndGlobalSection
	GlobalSection(ProjectConfigurationPlatforms) = postSolution
		{E87921CF-B7D4-4612-952F-7438ED4C05E1}.Debug|Any CPU.ActiveCfg = Debug|Any CPU
		{E87921CF-B7D4-4612-952F-7438ED4C05E1}.Debug|Any CPU.Build.0 = Debug|Any CPU
		{E87921CF-B7D4-4612-952F-7438ED4C05E1}.Release|Any CPU.ActiveCfg = Release|Any CPU
		{E87921CF-B7D4-4612-952F-7438ED4C05E1}.Release|Any CPU.Build.0 = Release|Any CPU
		{0C6B7520-C3B2-49C6-99B4-34007813A521}.Debug|Any CPU.ActiveCfg = Debug|Any CPU
		{0C6B7520-C3B2-49C6-99B4-34007813A521}.Debug|Any CPU.Build.0 = Debug|Any CPU
		{0C6B7520-C3B2-49C6-99B4-34007813A521}.Release|Any CPU.ActiveCfg = Release|Any CPU
		{0C6B7520-C3B2-49C6-99B4-34007813A521}.Release|Any CPU.Build.0 = Release|Any CPU
		{E42EF4CF-B72A-4BD0-B16C-148D9AFE7F6C}.Debug|Any CPU.ActiveCfg = Debug|Any CPU
		{E42EF4CF-B72A-4BD0-B16C-148D9AFE7F6C}.Debug|Any CPU.Build.0 = Debug|Any CPU
		{E42EF4CF-B72A-4BD0-B16C-148D9AFE7F6C}.Release|Any CPU.ActiveCfg = Release|Any CPU
		{E42EF4CF-B72A-4BD0-B16C-148D9AFE7F6C}.Release|Any CPU.Build.0 = Release|Any CPU
		{D57E84EE-8E6B-466F-AE5A-1F5CDB1A253C}.Debug|Any CPU.ActiveCfg = Debug|Any CPU
		{D57E84EE-8E6B-466F-AE5A-1F5CDB1A253C}.Debug|Any CPU.Build.0 = Debug|Any CPU
		{D57E84EE-8E6B-466F-AE5A-1F5CDB1A253C}.Release|Any CPU.ActiveCfg = Release|Any CPU
		{D57E84EE-8E6B-466F-AE5A-1F5CDB1A253C}.Release|Any CPU.Build.0 = Release|Any CPU
		{D1AADD89-6B34-4094-BC2D-BFA2E63A0665}.Debug|Any CPU.ActiveCfg = Debug|Any CPU
		{D1AADD89-6B34-4094-BC2D-BFA2E63A0665}.Debug|Any CPU.Build.0 = Debug|Any CPU
		{D1AADD89-6B34-4094-BC2D-BFA2E63A0665}.Release|Any CPU.ActiveCfg = Release|Any CPU
		{D1AADD89-6B34-4094-BC2D-BFA2E63A0665}.Release|Any CPU.Build.0 = Release|Any CPU
		{D4E49804-188B-4707-BFC3-1469FA75658B}.Debug|Any CPU.ActiveCfg = Debug|Any CPU
		{D4E49804-188B-4707-BFC3-1469FA75658B}.Debug|Any CPU.Build.0 = Debug|Any CPU
		{D4E49804-188B-4707-BFC3-1469FA75658B}.Release|Any CPU.ActiveCfg = Release|Any CPU
		{D4E49804-188B-4707-BFC3-1469FA75658B}.Release|Any CPU.Build.0 = Release|Any CPU
	EndGlobalSection
	GlobalSection(SolutionProperties) = preSolution
		HideSolutionNode = FALSE
	EndGlobalSection
EndGlobal
