
Microsoft Visual Studio Solution File, Format Version 12.00
# Visual Studio 14
VisualStudioVersion = 14.0.24720.0
MinimumVisualStudioVersion = 10.0.40219.1
Project("{FAE04EC0-301F-11D3-BF4B-00C04F79EFBC}") = "DDODatabase", "DDODatabase\DDODatabase.csproj", "{E87921CF-B7D4-4612-952F-7438ED4C05E1}"
EndProject
Project("{FAE04EC0-301F-11D3-BF4B-00C04F79EFBC}") = "DDOClient", "DDOClient\DDOClient.csproj", "{0C6B7520-C3B2-49C6-99B4-34007813A521}"
EndProject
Project("{FAE04EC0-301F-11D3-BF4B-00C04F79EFBC}") = "DDOServer", "DDOServer\DDOServer.csproj", "{E42EF4CF-B72A-4BD0-B16C-148D9AFE7F6C}"
EndProject
Project("{FAE04EC0-301F-11D3-BF4B-00C04F79EFBC}") = "DDOWebServer", "DDOWebServer\DDOWebServer.csproj", "{D57E84EE-8E6B-466F-AE5A-1F5CDB1A253C}"
EndProject
Project("{FAE04EC0-301F-11D3-BF4B-00C04F79EFBC}") = "DDOMasterServer", "DDOMasterServer\DDOMasterServer.csproj", "{D1AADD89-6B34-4094-BC2D-BFA2E63A0665}"
EndProject
Project("{FAE04EC0-301F-11D3-BF4B-00C04F79EFBC}") = "DDOProtocol", "DDOProtocol\DDOProtocol.csproj", "{D4E49804-188B-4707-BFC3-1469FA75658B}"
EndProject
Project("{FAE04EC0-301F-11D3-BF4B-00C04F79EFBC}") = "DDOTests", "DDOTests\DDOTests.csproj", "{10221EF7-7BCF-4D67-9BD1-E02303E38FFA}"
EndProject
Project("{FAE04EC0-301F-11D3-BF4B-00C04F79EFBC}") = "ChatServer", "ChatServer\ChatServer\ChatServer.csproj", "{B70B353C-ED9D-4F41-972C-B677D96EE8E3}"
EndProject
Project("{FAE04EC0-301F-11D3-BF4B-00C04F79EFBC}") = "ChatClient", "ChatClient\ChatClient\ChatClient.csproj", "{56E30330-91D1-4BC5-A831-EEB124F265EC}"
EndProject
Project("{E24C65DC-7377-472B-9ABA-BC803B73C61A}") = "DDOWCFService(2)", "DDOWCFService\", "{41DB75F6-0A7A-423E-AB8B-A21617E838B6}"
	ProjectSection(WebsiteProperties) = preProject
		TargetFrameworkMoniker = ".NETFramework,Version%3Dv4.5.2"
		Debug.AspNetCompiler.VirtualPath = "/localhost_7599"
		Debug.AspNetCompiler.PhysicalPath = "DDOWCFService\"
		Debug.AspNetCompiler.TargetPath = "PrecompiledWeb\localhost_7599\"
		Debug.AspNetCompiler.Updateable = "true"
		Debug.AspNetCompiler.ForceOverwrite = "true"
		Debug.AspNetCompiler.FixedNames = "false"
		Debug.AspNetCompiler.Debug = "True"
		Release.AspNetCompiler.VirtualPath = "/localhost_7599"
		Release.AspNetCompiler.PhysicalPath = "DDOWCFService\"
		Release.AspNetCompiler.TargetPath = "PrecompiledWeb\localhost_7599\"
		Release.AspNetCompiler.Updateable = "true"
		Release.AspNetCompiler.ForceOverwrite = "true"
		Release.AspNetCompiler.FixedNames = "false"
		Release.AspNetCompiler.Debug = "False"
		VWDPort = "7599"
		SlnRelativePath = "DDOWCFService\"
		DefaultWebSiteLanguage = "Visual C#"
	EndProjectSection
EndProject
Global
	GlobalSection(SolutionConfigurationPlatforms) = preSolution
		Debug|Any CPU = Debug|Any CPU
		Release|Any CPU = Release|Any CPU
	EndGlobalSection
	GlobalSection(ProjectConfigurationPlatforms) = postSolution
		{E87921CF-B7D4-4612-952F-7438ED4C05E1}.Debug|Any CPU.ActiveCfg = Debug|Any CPU
		{E87921CF-B7D4-4612-952F-7438ED4C05E1}.Debug|Any CPU.Build.0 = Debug|Any CPU
		{E87921CF-B7D4-4612-952F-7438ED4C05E1}.Release|Any CPU.ActiveCfg = Release|Any CPU
		{E87921CF-B7D4-4612-952F-7438ED4C05E1}.Release|Any CPU.Build.0 = Release|Any CPU
		{0C6B7520-C3B2-49C6-99B4-34007813A521}.Debug|Any CPU.ActiveCfg = Debug|Any CPU
		{0C6B7520-C3B2-49C6-99B4-34007813A521}.Debug|Any CPU.Build.0 = Debug|Any CPU
		{0C6B7520-C3B2-49C6-99B4-34007813A521}.Release|Any CPU.ActiveCfg = Release|Any CPU
		{0C6B7520-C3B2-49C6-99B4-34007813A521}.Release|Any CPU.Build.0 = Release|Any CPU
		{E42EF4CF-B72A-4BD0-B16C-148D9AFE7F6C}.Debug|Any CPU.ActiveCfg = Debug|Any CPU
		{E42EF4CF-B72A-4BD0-B16C-148D9AFE7F6C}.Debug|Any CPU.Build.0 = Debug|Any CPU
		{E42EF4CF-B72A-4BD0-B16C-148D9AFE7F6C}.Release|Any CPU.ActiveCfg = Release|Any CPU
		{E42EF4CF-B72A-4BD0-B16C-148D9AFE7F6C}.Release|Any CPU.Build.0 = Release|Any CPU
		{D57E84EE-8E6B-466F-AE5A-1F5CDB1A253C}.Debug|Any CPU.ActiveCfg = Debug|Any CPU
		{D57E84EE-8E6B-466F-AE5A-1F5CDB1A253C}.Debug|Any CPU.Build.0 = Debug|Any CPU
		{D57E84EE-8E6B-466F-AE5A-1F5CDB1A253C}.Release|Any CPU.ActiveCfg = Release|Any CPU
		{D57E84EE-8E6B-466F-AE5A-1F5CDB1A253C}.Release|Any CPU.Build.0 = Release|Any CPU
		{D1AADD89-6B34-4094-BC2D-BFA2E63A0665}.Debug|Any CPU.ActiveCfg = Debug|Any CPU
		{D1AADD89-6B34-4094-BC2D-BFA2E63A0665}.Debug|Any CPU.Build.0 = Debug|Any CPU
		{D1AADD89-6B34-4094-BC2D-BFA2E63A0665}.Release|Any CPU.ActiveCfg = Release|Any CPU
		{D1AADD89-6B34-4094-BC2D-BFA2E63A0665}.Release|Any CPU.Build.0 = Release|Any CPU
		{D4E49804-188B-4707-BFC3-1469FA75658B}.Debug|Any CPU.ActiveCfg = Debug|Any CPU
		{D4E49804-188B-4707-BFC3-1469FA75658B}.Debug|Any CPU.Build.0 = Debug|Any CPU
		{D4E49804-188B-4707-BFC3-1469FA75658B}.Release|Any CPU.ActiveCfg = Release|Any CPU
		{D4E49804-188B-4707-BFC3-1469FA75658B}.Release|Any CPU.Build.0 = Release|Any CPU
		{10221EF7-7BCF-4D67-9BD1-E02303E38FFA}.Debug|Any CPU.ActiveCfg = Debug|Any CPU
		{10221EF7-7BCF-4D67-9BD1-E02303E38FFA}.Debug|Any CPU.Build.0 = Debug|Any CPU
		{10221EF7-7BCF-4D67-9BD1-E02303E38FFA}.Release|Any CPU.ActiveCfg = Release|Any CPU
		{10221EF7-7BCF-4D67-9BD1-E02303E38FFA}.Release|Any CPU.Build.0 = Release|Any CPU
		{B70B353C-ED9D-4F41-972C-B677D96EE8E3}.Debug|Any CPU.ActiveCfg = Debug|Any CPU
		{B70B353C-ED9D-4F41-972C-B677D96EE8E3}.Debug|Any CPU.Build.0 = Debug|Any CPU
		{B70B353C-ED9D-4F41-972C-B677D96EE8E3}.Release|Any CPU.ActiveCfg = Release|Any CPU
		{B70B353C-ED9D-4F41-972C-B677D96EE8E3}.Release|Any CPU.Build.0 = Release|Any CPU
		{56E30330-91D1-4BC5-A831-EEB124F265EC}.Debug|Any CPU.ActiveCfg = Debug|Any CPU
		{56E30330-91D1-4BC5-A831-EEB124F265EC}.Debug|Any CPU.Build.0 = Debug|Any CPU
		{56E30330-91D1-4BC5-A831-EEB124F265EC}.Release|Any CPU.ActiveCfg = Release|Any CPU
		{56E30330-91D1-4BC5-A831-EEB124F265EC}.Release|Any CPU.Build.0 = Release|Any CPU
		{41DB75F6-0A7A-423E-AB8B-A21617E838B6}.Debug|Any CPU.ActiveCfg = Debug|Any CPU
		{41DB75F6-0A7A-423E-AB8B-A21617E838B6}.Debug|Any CPU.Build.0 = Debug|Any CPU
		{41DB75F6-0A7A-423E-AB8B-A21617E838B6}.Release|Any CPU.ActiveCfg = Debug|Any CPU
		{41DB75F6-0A7A-423E-AB8B-A21617E838B6}.Release|Any CPU.Build.0 = Debug|Any CPU
	EndGlobalSection
	GlobalSection(SolutionProperties) = preSolution
		HideSolutionNode = FALSE
	EndGlobalSection
EndGlobal
